
Microsoft Visual Studio Solution File, Format Version 12.00
# Visual Studio Version 16
VisualStudioVersion = 16.0.32106.194
MinimumVisualStudioVersion = 10.0.40219.1
Project("{FAE04EC0-301F-11D3-BF4B-00C04F79EFBC}") = "LINQ_Nortwind", "LINQ_Nortwind\LINQ_Nortwind.csproj", "{4E787343-BB7C-4DEC-B302-DED606EC2349}"
EndProject
Global
	GlobalSection(SolutionConfigurationPlatforms) = preSolution
		Debug|Any CPU = Debug|Any CPU
		Release|Any CPU = Release|Any CPU
	EndGlobalSection
	GlobalSection(ProjectConfigurationPlatforms) = postSolution
		{4E787343-BB7C-4DEC-B302-DED606EC2349}.Debug|Any CPU.ActiveCfg = Debug|Any CPU
		{4E787343-BB7C-4DEC-B302-DED606EC2349}.Debug|Any CPU.Build.0 = Debug|Any CPU
		{4E787343-BB7C-4DEC-B302-DED606EC2349}.Release|Any CPU.ActiveCfg = Release|Any CPU
		{4E787343-BB7C-4DEC-B302-DED606EC2349}.Release|Any CPU.Build.0 = Release|Any CPU
	EndGlobalSection
	GlobalSection(SolutionProperties) = preSolution
		HideSolutionNode = FALSE
	EndGlobalSection
	GlobalSection(ExtensibilityGlobals) = postSolution
		SolutionGuid = {C91DBF1C-B6F8-4DE9-8B72-36BDE00A01DD}
	EndGlobalSection
EndGlobal
